
Microsoft Visual Studio Solution File, Format Version 12.00
# Visual Studio Version 17
VisualStudioVersion = 17.6.33829.357
MinimumVisualStudioVersion = 10.0.40219.1
Project("{8BC9CEB8-8B4A-11D0-8D11-00A0C91BC942}") = "lab6_task5", "lab6_task5\lab6_task5.vcxproj", "{03CC7B68-72B9-40E4-B3A9-249D0C8B6212}"
EndProject
Global
	GlobalSection(SolutionConfigurationPlatforms) = preSolution
		Debug|x64 = Debug|x64
		Debug|x86 = Debug|x86
		Release|x64 = Release|x64
		Release|x86 = Release|x86
	EndGlobalSection
	GlobalSection(ProjectConfigurationPlatforms) = postSolution
		{03CC7B68-72B9-40E4-B3A9-249D0C8B6212}.Debug|x64.ActiveCfg = Debug|x64
		{03CC7B68-72B9-40E4-B3A9-249D0C8B6212}.Debug|x64.Build.0 = Debug|x64
		{03CC7B68-72B9-40E4-B3A9-249D0C8B6212}.Debug|x86.ActiveCfg = Debug|Win32
		{03CC7B68-72B9-40E4-B3A9-249D0C8B6212}.Debug|x86.Build.0 = Debug|Win32
		{03CC7B68-72B9-40E4-B3A9-249D0C8B6212}.Release|x64.ActiveCfg = Release|x64
		{03CC7B68-72B9-40E4-B3A9-249D0C8B6212}.Release|x64.Build.0 = Release|x64
		{03CC7B68-72B9-40E4-B3A9-249D0C8B6212}.Release|x86.ActiveCfg = Release|Win32
		{03CC7B68-72B9-40E4-B3A9-249D0C8B6212}.Release|x86.Build.0 = Release|Win32
	EndGlobalSection
	GlobalSection(SolutionProperties) = preSolution
		HideSolutionNode = FALSE
	EndGlobalSection
	GlobalSection(ExtensibilityGlobals) = postSolution
		SolutionGuid = {B2295321-1094-4398-9189-0519358A6D0A}
	EndGlobalSection
EndGlobal
